
Microsoft Visual Studio Solution File, Format Version 12.00
# Visual Studio Version 17
VisualStudioVersion = 17.0.31912.275
MinimumVisualStudioVersion = 10.0.40219.1
Project("{FAE04EC0-301F-11D3-BF4B-00C04F79EFBC}") = "TwoOperations", "TwoOperations\TwoOperations.csproj", "{36A688FF-3A29-4601-8885-535908345707}"
EndProject
Project("{FAE04EC0-301F-11D3-BF4B-00C04F79EFBC}") = "TwoOperationsTests", "TwoOperationsTests\TwoOperationsTests.csproj", "{D8FFF2B7-95F7-48B6-BAD0-F9790CDA5959}"
EndProject
Global
	GlobalSection(SolutionConfigurationPlatforms) = preSolution
		Debug|Any CPU = Debug|Any CPU
		Release|Any CPU = Release|Any CPU
	EndGlobalSection
	GlobalSection(ProjectConfigurationPlatforms) = postSolution
		{36A688FF-3A29-4601-8885-535908345707}.Debug|Any CPU.ActiveCfg = Debug|Any CPU
		{36A688FF-3A29-4601-8885-535908345707}.Debug|Any CPU.Build.0 = Debug|Any CPU
		{36A688FF-3A29-4601-8885-535908345707}.Release|Any CPU.ActiveCfg = Release|Any CPU
		{36A688FF-3A29-4601-8885-535908345707}.Release|Any CPU.Build.0 = Release|Any CPU
		{D8FFF2B7-95F7-48B6-BAD0-F9790CDA5959}.Debug|Any CPU.ActiveCfg = Debug|Any CPU
		{D8FFF2B7-95F7-48B6-BAD0-F9790CDA5959}.Debug|Any CPU.Build.0 = Debug|Any CPU
		{D8FFF2B7-95F7-48B6-BAD0-F9790CDA5959}.Release|Any CPU.ActiveCfg = Release|Any CPU
		{D8FFF2B7-95F7-48B6-BAD0-F9790CDA5959}.Release|Any CPU.Build.0 = Release|Any CPU
	EndGlobalSection
	GlobalSection(SolutionProperties) = preSolution
		HideSolutionNode = FALSE
	EndGlobalSection
	GlobalSection(ExtensibilityGlobals) = postSolution
		SolutionGuid = {D1CDA646-C1D1-4B39-8D74-731E1E944C8C}
	EndGlobalSection
EndGlobal
